{
  "name": "api.theprintlab.cl",
  "version": "0.0.1",
  "dependencies": {
    "express": {
      "version": "3.4.8",
      "from": "express@latest",
      "dependencies": {
        "connect": {
          "version": "2.12.0",
          "from": "connect@2.12.0",
          "resolved": "https://registry.npmjs.org/connect/-/connect-2.12.0.tgz",
          "dependencies": {
            "batch": {
              "version": "0.5.0",
              "from": "batch@0.5.0",
              "resolved": "https://registry.npmjs.org/batch/-/batch-0.5.0.tgz"
            },
            "qs": {
              "version": "0.6.6",
              "from": "qs@~0.6.0",
              "resolved": "https://registry.npmjs.org/qs/-/qs-0.6.6.tgz"
            },
            "bytes": {
              "version": "0.2.1",
              "from": "bytes@0.2.1",
              "resolved": "https://registry.npmjs.org/bytes/-/bytes-0.2.1.tgz"
            },
            "pause": {
              "version": "0.0.1",
              "from": "pause@0.0.1",
              "resolved": "https://registry.npmjs.org/pause/-/pause-0.0.1.tgz"
            },
            "uid2": {
              "version": "0.0.3",
              "from": "uid2@0.0.3",
              "resolved": "https://registry.npmjs.org/uid2/-/uid2-0.0.3.tgz"
            },
            "raw-body": {
              "version": "1.1.2",
              "from": "raw-body@1.1.2",
              "resolved": "https://registry.npmjs.org/raw-body/-/raw-body-1.1.2.tgz"
            },
            "negotiator": {
              "version": "0.3.0",
              "from": "negotiator@0.3.0",
              "resolved": "https://registry.npmjs.org/negotiator/-/negotiator-0.3.0.tgz"
            },
            "multiparty": {
              "version": "2.2.0",
              "from": "multiparty@2.2.0",
              "resolved": "https://registry.npmjs.org/multiparty/-/multiparty-2.2.0.tgz",
              "dependencies": {
                "readable-stream": {
                  "version": "1.1.10",
                  "from": "readable-stream@~1.1.9",
                  "dependencies": {
                    "core-util-is": {
                      "version": "1.0.1",
                      "from": "core-util-is@~1.0.0"
                    },
                    "debuglog": {
                      "version": "0.0.2",
                      "from": "debuglog@0.0.2",
                      "resolved": "https://registry.npmjs.org/debuglog/-/debuglog-0.0.2.tgz"
                    }
                  }
                },
                "stream-counter": {
                  "version": "0.2.0",
                  "from": "stream-counter@~0.2.0"
                }
              }
            }
          }
        },
        "commander": {
          "version": "1.3.2",
          "from": "commander@1.3.2",
          "resolved": "https://registry.npmjs.org/commander/-/commander-1.3.2.tgz",
          "dependencies": {
            "keypress": {
              "version": "0.1.0",
              "from": "keypress@0.1.x"
            }
          }
        },
        "range-parser": {
          "version": "0.0.4",
          "from": "range-parser@0.0.4",
          "resolved": "https://registry.npmjs.org/range-parser/-/range-parser-0.0.4.tgz"
        },
        "mkdirp": {
          "version": "0.3.5",
          "from": "mkdirp@~0.3.5",
          "resolved": "https://registry.npmjs.org/mkdirp/-/mkdirp-0.3.5.tgz"
        },
        "cookie": {
          "version": "0.1.0",
          "from": "cookie@0.1.0",
          "resolved": "https://registry.npmjs.org/cookie/-/cookie-0.1.0.tgz"
        },
        "buffer-crc32": {
          "version": "0.2.1",
          "from": "buffer-crc32@0.2.1",
          "resolved": "https://registry.npmjs.org/buffer-crc32/-/buffer-crc32-0.2.1.tgz"
        },
        "fresh": {
          "version": "0.2.0",
          "from": "fresh@0.2.0",
          "resolved": "https://registry.npmjs.org/fresh/-/fresh-0.2.0.tgz"
        },
        "methods": {
          "version": "0.1.0",
          "from": "methods@0.1.0",
          "resolved": "https://registry.npmjs.org/methods/-/methods-0.1.0.tgz"
        },
        "send": {
          "version": "0.1.4",
          "from": "send@0.1.4",
          "resolved": "https://registry.npmjs.org/send/-/send-0.1.4.tgz",
          "dependencies": {
            "mime": {
              "version": "1.2.11",
              "from": "mime@~1.2.9"
            }
          }
        },
        "cookie-signature": {
          "version": "1.0.1",
          "from": "cookie-signature@1.0.1",
          "resolved": "https://registry.npmjs.org/cookie-signature/-/cookie-signature-1.0.1.tgz"
        },
        "merge-descriptors": {
          "version": "0.0.1",
          "from": "merge-descriptors@0.0.1",
          "resolved": "https://registry.npmjs.org/merge-descriptors/-/merge-descriptors-0.0.1.tgz"
        },
        "debug": {
          "version": "0.7.4",
          "from": "debug@>= 0.7.3 < 1"
        }
      }
    },
    "express-namespace": {
      "version": "0.1.1",
      "from": "express-namespace@latest",
      "dependencies": {
        "methods": {
          "version": "0.0.1",
          "from": "methods@0.0.1",
          "resolved": "https://registry.npmjs.org/methods/-/methods-0.0.1.tgz"
        }
      }
    },
    "mongoose": {
      "version": "3.8.7",
      "from": "mongoose@latest",
      "dependencies": {
        "hooks": {
          "version": "0.2.1",
          "from": "hooks@0.2.1",
          "resolved": "https://registry.npmjs.org/hooks/-/hooks-0.2.1.tgz"
        },
        "mongodb": {
          "version": "1.3.23",
          "from": "mongodb@1.3.x",
          "resolved": "https://registry.npmjs.org/mongodb/-/mongodb-1.3.23.tgz",
          "dependencies": {
            "bson": {
              "version": "0.2.5",
              "from": "bson@0.2.5",
              "resolved": "https://registry.npmjs.org/bson/-/bson-0.2.5.tgz"
            },
            "kerberos": {
              "version": "0.0.3",
              "from": "kerberos@0.0.3",
              "resolved": "https://registry.npmjs.org/kerberos/-/kerberos-0.0.3.tgz"
            }
          }
        },
        "ms": {
          "version": "0.1.0",
          "from": "ms@0.1.0",
          "resolved": "https://registry.npmjs.org/ms/-/ms-0.1.0.tgz"
        },
        "sliced": {
          "version": "0.0.5",
          "from": "sliced@0.0.5",
          "resolved": "https://registry.npmjs.org/sliced/-/sliced-0.0.5.tgz"
        },
        "muri": {
          "version": "0.3.1",
          "from": "muri@0.3.1",
          "resolved": "https://registry.npmjs.org/muri/-/muri-0.3.1.tgz"
        },
        "mpromise": {
          "version": "0.4.3",
          "from": "mpromise@0.4.3",
          "resolved": "https://registry.npmjs.org/mpromise/-/mpromise-0.4.3.tgz"
        },
        "mpath": {
          "version": "0.1.1",
          "from": "mpath@0.1.1",
          "resolved": "https://registry.npmjs.org/mpath/-/mpath-0.1.1.tgz"
        },
        "regexp-clone": {
          "version": "0.0.1",
          "from": "regexp-clone@0.0.1",
          "resolved": "https://registry.npmjs.org/regexp-clone/-/regexp-clone-0.0.1.tgz"
        },
        "mquery": {
          "version": "0.5.2",
          "from": "mquery@0.5.2",
          "resolved": "https://registry.npmjs.org/mquery/-/mquery-0.5.2.tgz",
          "dependencies": {
            "debug": {
              "version": "0.7.4",
              "from": "debug@0.7.4",
              "resolved": "https://registry.npmjs.org/debug/-/debug-0.7.4.tgz"
            }
          }
        }
      }
    },
    "mongoose-user": {
      "version": "0.0.1",
      "from": "mongoose-user@latest"
    },
    "connect-mongo": {
      "version": "0.4.0",
      "from": "connect-mongo@latest",
      "dependencies": {
        "mongodb": {
          "version": "1.3.23",
          "from": "mongodb@1.3.x",
          "resolved": "https://registry.npmjs.org/mongodb/-/mongodb-1.3.23.tgz",
          "dependencies": {
            "bson": {
              "version": "0.2.5",
              "from": "bson@0.2.5",
              "resolved": "https://registry.npmjs.org/bson/-/bson-0.2.5.tgz"
            },
            "kerberos": {
              "version": "0.0.3",
              "from": "kerberos@0.0.3",
              "resolved": "https://registry.npmjs.org/kerberos/-/kerberos-0.0.3.tgz"
            }
          }
        }
      }
    },
    "view-helpers": {
      "version": "0.1.4",
      "from": "view-helpers@latest"
    },
    "jade": {
      "version": "1.1.5",
      "from": "jade@latest",
      "dependencies": {
        "commander": {
          "version": "2.1.0",
          "from": "commander@2.1.0",
          "resolved": "https://registry.npmjs.org/commander/-/commander-2.1.0.tgz"
        },
        "mkdirp": {
          "version": "0.3.5",
          "from": "mkdirp@~0.3.5",
          "resolved": "https://registry.npmjs.org/mkdirp/-/mkdirp-0.3.5.tgz"
        },
        "transformers": {
          "version": "2.1.0",
          "from": "transformers@2.1.0",
          "resolved": "https://registry.npmjs.org/transformers/-/transformers-2.1.0.tgz",
          "dependencies": {
            "promise": {
              "version": "2.0.0",
              "from": "promise@~2.0",
              "dependencies": {
                "is-promise": {
                  "version": "1.0.0",
                  "from": "is-promise@~1"
                }
              }
            },
            "css": {
              "version": "1.0.8",
              "from": "css@~1.0.8",
              "dependencies": {
                "css-parse": {
                  "version": "1.0.4",
                  "from": "css-parse@1.0.4",
                  "resolved": "https://registry.npmjs.org/css-parse/-/css-parse-1.0.4.tgz"
                },
                "css-stringify": {
                  "version": "1.0.5",
                  "from": "css-stringify@1.0.5",
                  "resolved": "https://registry.npmjs.org/css-stringify/-/css-stringify-1.0.5.tgz"
                }
              }
            },
            "uglify-js": {
              "version": "2.2.5",
              "from": "uglify-js@~2.2.5",
              "dependencies": {
                "source-map": {
                  "version": "0.1.32",
                  "from": "source-map@~0.1.7",
                  "dependencies": {
                    "amdefine": {
                      "version": "0.1.0",
                      "from": "amdefine@>=0.0.4"
                    }
                  }
                },
                "optimist": {
                  "version": "0.3.7",
                  "from": "optimist@~0.3.5",
                  "dependencies": {
                    "wordwrap": {
                      "version": "0.0.2",
                      "from": "wordwrap@~0.0.2"
                    }
                  }
                }
              }
            }
          }
        },
        "character-parser": {
          "version": "1.2.0",
          "from": "character-parser@1.2.0",
          "resolved": "https://registry.npmjs.org/character-parser/-/character-parser-1.2.0.tgz"
        },
        "monocle": {
          "version": "1.1.51",
          "from": "monocle@1.1.51",
          "resolved": "https://registry.npmjs.org/monocle/-/monocle-1.1.51.tgz",
          "dependencies": {
            "readdirp": {
              "version": "0.2.5",
              "from": "readdirp@~0.2.3",
              "dependencies": {
                "minimatch": {
                  "version": "0.2.14",
                  "from": "minimatch@>=0.2.4",
                  "dependencies": {
                    "lru-cache": {
                      "version": "2.5.0",
                      "from": "lru-cache@2"
                    },
                    "sigmund": {
                      "version": "1.0.0",
                      "from": "sigmund@~1.0.0"
                    }
                  }
                }
              }
            }
          }
        },
        "with": {
          "version": "2.0.0",
          "from": "with@~2.0.0",
          "dependencies": {
            "uglify-js": {
              "version": "2.4.0",
              "from": "uglify-js@2.4.0",
              "resolved": "https://registry.npmjs.org/uglify-js/-/uglify-js-2.4.0.tgz",
              "dependencies": {
                "source-map": {
                  "version": "0.1.32",
                  "from": "source-map@~0.1.7",
                  "dependencies": {
                    "amdefine": {
                      "version": "0.1.0",
                      "from": "amdefine@>=0.0.4"
                    }
                  }
                },
                "optimist": {
                  "version": "0.3.7",
                  "from": "optimist@~0.3.5",
                  "dependencies": {
                    "wordwrap": {
                      "version": "0.0.2",
                      "from": "wordwrap@~0.0.2"
                    }
                  }
                },
                "uglify-to-browserify": {
                  "version": "1.0.2",
                  "from": "uglify-to-browserify@~1.0.0"
                }
              }
            }
          }
        },
        "constantinople": {
          "version": "1.0.2",
          "from": "constantinople@~1.0.2",
          "dependencies": {
            "uglify-js": {
              "version": "2.4.12",
              "from": "uglify-js@~2.4.0",
              "dependencies": {
                "source-map": {
                  "version": "0.1.32",
                  "from": "source-map@~0.1.7",
                  "dependencies": {
                    "amdefine": {
                      "version": "0.1.0",
                      "from": "amdefine@>=0.0.4"
                    }
                  }
                },
                "optimist": {
                  "version": "0.3.7",
                  "from": "optimist@~0.3.5",
                  "dependencies": {
                    "wordwrap": {
                      "version": "0.0.2",
                      "from": "wordwrap@~0.0.2"
                    }
                  }
                },
                "uglify-to-browserify": {
                  "version": "1.0.2",
                  "from": "uglify-to-browserify@~1.0.0"
                }
              }
            }
          }
        }
      }
    },
    "config-leaf": {
      "version": "0.1.0",
      "from": "config-leaf@latest"
    },
    "underscore": {
      "version": "1.6.0",
      "from": "underscore@latest"
    },
    "time": {
      "version": "0.10.0",
      "from": "time@latest",
      "dependencies": {
        "bindings": {
          "version": "1.1.1",
          "from": "bindings@*"
        },
        "debug": {
          "version": "0.7.4",
          "from": "debug@>= 0.7.3 < 1"
        },
        "nan": {
          "version": "0.4.4",
          "from": "nan@~0.4.4"
        }
      }
    },
    "api-easy": {
      "version": "0.3.8",
      "from": "api-easy@latest",
      "dependencies": {
        "pkginfo": {
          "version": "0.3.0",
          "from": "pkginfo@0.3.x"
        },
        "request": {
          "version": "2.34.0",
          "from": "request@2.x.x",
          "resolved": "https://registry.npmjs.org/request/-/request-2.34.0.tgz",
          "dependencies": {
            "qs": {
              "version": "0.6.6",
              "from": "qs@0.6.6",
              "resolved": "https://registry.npmjs.org/qs/-/qs-0.6.6.tgz"
            },
            "json-stringify-safe": {
              "version": "5.0.0",
              "from": "json-stringify-safe@~5.0.0"
            },
            "forever-agent": {
              "version": "0.5.2",
              "from": "forever-agent@~0.5.0"
            },
            "node-uuid": {
              "version": "1.4.1",
              "from": "node-uuid@~1.4.0"
            },
            "mime": {
              "version": "1.2.11",
              "from": "mime@1.2.x"
            },
            "tough-cookie": {
              "version": "0.12.1",
              "from": "tough-cookie@>=0.12.0",
              "dependencies": {
                "punycode": {
                  "version": "1.2.4",
                  "from": "punycode@>=0.2.0"
                }
              }
            },
            "form-data": {
              "version": "0.1.2",
              "from": "form-data@~0.1.0",
              "dependencies": {
                "combined-stream": {
                  "version": "0.0.4",
                  "from": "combined-stream@~0.0.4",
                  "dependencies": {
                    "delayed-stream": {
                      "version": "0.0.5",
                      "from": "delayed-stream@0.0.5",
                      "resolved": "https://registry.npmjs.org/delayed-stream/-/delayed-stream-0.0.5.tgz"
                    }
                  }
                }
              }
            },
            "tunnel-agent": {
              "version": "0.3.0",
              "from": "tunnel-agent@~0.3.0"
            },
            "http-signature": {
              "version": "0.10.0",
              "from": "http-signature@~0.10.0",
              "dependencies": {
                "assert-plus": {
                  "version": "0.1.2",
                  "from": "assert-plus@0.1.2",
                  "resolved": "https://registry.npmjs.org/assert-plus/-/assert-plus-0.1.2.tgz"
                },
                "asn1": {
                  "version": "0.1.11",
                  "from": "asn1@0.1.11",
                  "resolved": "https://registry.npmjs.org/asn1/-/asn1-0.1.11.tgz"
                },
                "ctype": {
                  "version": "0.5.2",
                  "from": "ctype@0.5.2",
                  "resolved": "https://registry.npmjs.org/ctype/-/ctype-0.5.2.tgz"
                }
              }
            },
            "oauth-sign": {
              "version": "0.3.0",
              "from": "oauth-sign@~0.3.0"
            },
            "hawk": {
              "version": "1.0.0",
              "from": "hawk@~1.0.0",
              "dependencies": {
                "hoek": {
                  "version": "0.9.1",
                  "from": "hoek@0.9.x"
                },
                "boom": {
                  "version": "0.4.2",
                  "from": "boom@0.4.x"
                },
                "cryptiles": {
                  "version": "0.2.2",
                  "from": "cryptiles@0.2.x"
                },
                "sntp": {
                  "version": "0.2.4",
                  "from": "sntp@0.2.x"
                }
              }
            },
            "aws-sign2": {
              "version": "0.5.0",
              "from": "aws-sign2@~0.5.0"
            }
          }
        },
        "vows": {
          "version": "0.7.0",
          "from": "vows@0.7.x",
          "dependencies": {
            "eyes": {
              "version": "0.1.8",
              "from": "eyes@>=0.1.6"
            },
            "diff": {
              "version": "1.0.8",
              "from": "diff@~1.0.3"
            }
          }
        },
        "qs": {
          "version": "0.5.6",
          "from": "qs@0.5.x"
        }
      }
    },
    "assert": {
      "version": "1.1.1",
      "from": "assert@latest",
      "resolved": "https://registry.npmjs.org/assert/-/assert-1.1.1.tgz",
      "dependencies": {
        "util": {
          "version": "0.10.2",
          "from": "util@0.10.2",
          "resolved": "https://registry.npmjs.org/util/-/util-0.10.2.tgz",
          "dependencies": {
            "inherits": {
              "version": "2.0.1",
              "from": "inherits@2.0.1",
              "resolved": "https://registry.npmjs.org/inherits/-/inherits-2.0.1.tgz"
            }
          }
        }
      }
    },
    "less-middleware": {
      "version": "0.1.15",
      "from": "less-middleware@latest",
      "dependencies": {
        "less": {
          "version": "1.6.3",
          "from": "less@~1.6.1",
          "dependencies": {
            "mime": {
              "version": "1.2.11",
              "from": "mime@1.2.x"
            },
            "request": {
              "version": "2.34.0",
              "from": "request@>=2.12.0",
              "resolved": "https://registry.npmjs.org/request/-/request-2.34.0.tgz",
              "dependencies": {
                "qs": {
                  "version": "0.6.6",
                  "from": "qs@~0.6.0",
                  "resolved": "https://registry.npmjs.org/qs/-/qs-0.6.6.tgz"
                },
                "json-stringify-safe": {
                  "version": "5.0.0",
                  "from": "json-stringify-safe@~5.0.0"
                },
                "forever-agent": {
                  "version": "0.5.2",
                  "from": "forever-agent@~0.5.0"
                },
                "node-uuid": {
                  "version": "1.4.1",
                  "from": "node-uuid@~1.4.0"
                },
                "tough-cookie": {
                  "version": "0.12.1",
                  "from": "tough-cookie@>=0.12.0",
                  "dependencies": {
                    "punycode": {
                      "version": "1.2.4",
                      "from": "punycode@>=0.2.0"
                    }
                  }
                },
                "form-data": {
                  "version": "0.1.2",
                  "from": "form-data@~0.1.0",
                  "dependencies": {
                    "combined-stream": {
                      "version": "0.0.4",
                      "from": "combined-stream@~0.0.4",
                      "dependencies": {
                        "delayed-stream": {
                          "version": "0.0.5",
                          "from": "delayed-stream@0.0.5",
                          "resolved": "https://registry.npmjs.org/delayed-stream/-/delayed-stream-0.0.5.tgz"
                        }
                      }
                    }
                  }
                },
                "tunnel-agent": {
                  "version": "0.3.0",
                  "from": "tunnel-agent@~0.3.0"
                },
                "http-signature": {
                  "version": "0.10.0",
                  "from": "http-signature@~0.10.0",
                  "dependencies": {
                    "assert-plus": {
                      "version": "0.1.2",
                      "from": "assert-plus@0.1.2",
                      "resolved": "https://registry.npmjs.org/assert-plus/-/assert-plus-0.1.2.tgz"
                    },
                    "asn1": {
                      "version": "0.1.11",
                      "from": "asn1@0.1.11",
                      "resolved": "https://registry.npmjs.org/asn1/-/asn1-0.1.11.tgz"
                    },
                    "ctype": {
                      "version": "0.5.2",
                      "from": "ctype@0.5.2",
                      "resolved": "https://registry.npmjs.org/ctype/-/ctype-0.5.2.tgz"
                    }
                  }
                },
                "oauth-sign": {
                  "version": "0.3.0",
                  "from": "oauth-sign@~0.3.0"
                },
                "hawk": {
                  "version": "1.0.0",
                  "from": "hawk@~1.0.0",
                  "dependencies": {
                    "hoek": {
                      "version": "0.9.1",
                      "from": "hoek@0.9.x"
                    },
                    "boom": {
                      "version": "0.4.2",
                      "from": "boom@0.4.x"
                    },
                    "cryptiles": {
                      "version": "0.2.2",
                      "from": "cryptiles@0.2.x"
                    },
                    "sntp": {
                      "version": "0.2.4",
                      "from": "sntp@0.2.x"
                    }
                  }
                },
                "aws-sign2": {
                  "version": "0.5.0",
                  "from": "aws-sign2@~0.5.0"
                }
              }
            },
            "clean-css": {
              "version": "2.0.8",
              "from": "clean-css@2.0.x",
              "dependencies": {
                "commander": {
                  "version": "2.0.0",
                  "from": "commander@2.0.x"
                }
              }
            },
            "source-map": {
              "version": "0.1.32",
              "from": "source-map@0.1.x",
              "dependencies": {
                "amdefine": {
                  "version": "0.1.0",
                  "from": "amdefine@>=0.0.4"
                }
              }
            }
          }
        },
        "mkdirp": {
          "version": "0.3.5",
          "from": "mkdirp@~0.3.5",
          "resolved": "https://registry.npmjs.org/mkdirp/-/mkdirp-0.3.5.tgz"
        },
        "node.extend": {
          "version": "1.0.9",
          "from": "node.extend@~1.0.8",
          "dependencies": {
            "is": {
              "version": "0.2.7",
              "from": "is@~0.2.7"
            }
          }
        }
      }
    },
    "nodemailer": {
      "version": "0.6.0",
      "from": "nodemailer@latest",
      "dependencies": {
        "mailcomposer": {
          "version": "0.2.8",
          "from": "mailcomposer@~0.2.7",
          "dependencies": {
            "mimelib": {
              "version": "0.2.14",
              "from": "mimelib@~0.2.14",
              "dependencies": {
                "encoding": {
                  "version": "0.1.7",
                  "from": "encoding@~0.1",
                  "dependencies": {
                    "iconv-lite": {
                      "version": "0.2.11",
                      "from": "iconv-lite@~0.2.11"
                    }
                  }
                },
                "addressparser": {
                  "version": "0.2.1",
                  "from": "addressparser@~0.2.0"
                }
              }
            },
            "mime": {
              "version": "1.2.9",
              "from": "mime@1.2.9",
              "resolved": "https://registry.npmjs.org/mime/-/mime-1.2.9.tgz"
            },
            "punycode": {
              "version": "1.2.4",
              "from": "punycode@~1.2.3"
            },
            "follow-redirects": {
              "version": "0.0.3",
              "from": "follow-redirects@0.0.3",
              "resolved": "https://registry.npmjs.org/follow-redirects/-/follow-redirects-0.0.3.tgz"
            },
            "dkim-signer": {
              "version": "0.1.0",
              "from": "dkim-signer@~0.1.0"
            }
          }
        },
        "simplesmtp": {
          "version": "0.3.21",
          "from": "simplesmtp@~0.2 || ~0.3",
          "dependencies": {
            "rai": {
              "version": "0.1.9",
              "from": "rai@~0.1"
            },
            "xoauth2": {
              "version": "0.1.8",
              "from": "xoauth2@~0.1"
            }
          }
        },
        "directmail": {
          "version": "0.1.6",
          "from": "directmail@~0.1.6"
        },
        "he": {
          "version": "0.3.6",
          "from": "he@~0.3.6"
        },
        "public-address": {
          "version": "0.1.0",
          "from": "public-address@~0.1.0"
        },
        "readable-stream": {
          "version": "1.1.10",
          "from": "readable-stream@~1.1.9",
          "dependencies": {
            "core-util-is": {
              "version": "1.0.1",
              "from": "core-util-is@~1.0.0"
            },
            "debuglog": {
              "version": "0.0.2",
              "from": "debuglog@0.0.2",
              "resolved": "https://registry.npmjs.org/debuglog/-/debuglog-0.0.2.tgz"
            }
          }
        }
      }
    },
    "email-templates": {
      "version": "0.1.1",
      "from": "email-templates@latest",
      "dependencies": {
        "ejs": {
          "version": "0.8.3",
          "from": "ejs@0.8.3",
          "resolved": "https://registry.npmjs.org/ejs/-/ejs-0.8.3.tgz"
        },
        "juice": {
          "version": "0.3.3",
          "from": "juice@~0.3.2",
          "dependencies": {
            "cssom": {
              "version": "0.2.5",
              "from": "cssom@~0.2.5"
            },
            "jsdom": {
              "version": "0.5.7",
              "from": "jsdom@~0.5.4",
              "dependencies": {
                "htmlparser": {
                  "version": "1.7.7",
                  "from": "htmlparser@1.x"
                },
                "nwmatcher": {
                  "version": "1.3.1",
                  "from": "nwmatcher@~1.3.1"
                },
                "request": {
                  "version": "2.34.0",
                  "from": "request@2.x",
                  "resolved": "https://registry.npmjs.org/request/-/request-2.34.0.tgz",
                  "dependencies": {
                    "qs": {
                      "version": "0.6.6",
                      "from": "qs@~0.6.0",
                      "resolved": "https://registry.npmjs.org/qs/-/qs-0.6.6.tgz"
                    },
                    "json-stringify-safe": {
                      "version": "5.0.0",
                      "from": "json-stringify-safe@~5.0.0"
                    },
                    "forever-agent": {
                      "version": "0.5.2",
                      "from": "forever-agent@~0.5.0"
                    },
                    "node-uuid": {
                      "version": "1.4.1",
                      "from": "node-uuid@~1.4.0"
                    },
                    "mime": {
                      "version": "1.2.11",
                      "from": "mime@~1.2.9"
                    },
                    "tough-cookie": {
                      "version": "0.12.1",
                      "from": "tough-cookie@>=0.12.0",
                      "dependencies": {
                        "punycode": {
                          "version": "1.2.4",
                          "from": "punycode@>=0.2.0"
                        }
                      }
                    },
                    "form-data": {
                      "version": "0.1.2",
                      "from": "form-data@~0.1.0",
                      "dependencies": {
                        "async": {
                          "version": "0.2.10",
                          "from": "async@~0.2.9"
                        }
                      }
                    },
                    "tunnel-agent": {
                      "version": "0.3.0",
                      "from": "tunnel-agent@~0.3.0"
                    },
                    "http-signature": {
                      "version": "0.10.0",
                      "from": "http-signature@~0.10.0",
                      "dependencies": {
                        "assert-plus": {
                          "version": "0.1.2",
                          "from": "assert-plus@0.1.2",
                          "resolved": "https://registry.npmjs.org/assert-plus/-/assert-plus-0.1.2.tgz"
                        },
                        "asn1": {
                          "version": "0.1.11",
                          "from": "asn1@0.1.11",
                          "resolved": "https://registry.npmjs.org/asn1/-/asn1-0.1.11.tgz"
                        },
                        "ctype": {
                          "version": "0.5.2",
                          "from": "ctype@0.5.2",
                          "resolved": "https://registry.npmjs.org/ctype/-/ctype-0.5.2.tgz"
                        }
                      }
                    },
                    "oauth-sign": {
                      "version": "0.3.0",
                      "from": "oauth-sign@~0.3.0"
                    },
                    "hawk": {
                      "version": "1.0.0",
                      "from": "hawk@~1.0.0",
                      "dependencies": {
                        "hoek": {
                          "version": "0.9.1",
                          "from": "hoek@0.9.x"
                        },
                        "boom": {
                          "version": "0.4.2",
                          "from": "boom@0.4.x"
                        },
                        "cryptiles": {
                          "version": "0.2.2",
                          "from": "cryptiles@0.2.x"
                        },
                        "sntp": {
                          "version": "0.2.4",
                          "from": "sntp@0.2.x"
                        }
                      }
                    },
                    "aws-sign2": {
                      "version": "0.5.0",
                      "from": "aws-sign2@~0.5.0"
                    }
                  }
                },
                "cssstyle": {
                  "version": "0.2.9",
                  "from": "cssstyle@~0.2.3",
                  "dependencies": {
                    "cssom": {
                      "version": "0.3.0",
                      "from": "cssom@0.3.x"
                    }
                  }
                },
                "contextify": {
                  "version": "0.1.6",
                  "from": "contextify@~0.1.5",
                  "dependencies": {
                    "bindings": {
                      "version": "1.1.1",
                      "from": "bindings@*"
                    }
                  }
                }
              }
            },
            "batch": {
              "version": "0.3.2",
              "from": "batch@~0.3.2"
            },
            "superagent": {
              "version": "0.14.9",
              "from": "superagent@~0.14.0",
              "dependencies": {
                "qs": {
                  "version": "0.6.5",
                  "from": "qs@0.6.5",
                  "resolved": "https://registry.npmjs.org/qs/-/qs-0.6.5.tgz"
                },
                "formidable": {
                  "version": "1.0.9",
                  "from": "formidable@1.0.9",
                  "resolved": "https://registry.npmjs.org/formidable/-/formidable-1.0.9.tgz"
                },
                "mime": {
                  "version": "1.2.5",
                  "from": "mime@1.2.5",
                  "resolved": "https://registry.npmjs.org/mime/-/mime-1.2.5.tgz"
                },
                "emitter-component": {
                  "version": "1.0.0",
                  "from": "emitter-component@1.0.0",
                  "resolved": "https://registry.npmjs.org/emitter-component/-/emitter-component-1.0.0.tgz"
                },
                "methods": {
                  "version": "0.0.1",
                  "from": "methods@0.0.1",
                  "resolved": "https://registry.npmjs.org/methods/-/methods-0.0.1.tgz"
                },
                "cookiejar": {
                  "version": "1.3.0",
                  "from": "cookiejar@1.3.0",
                  "resolved": "https://registry.npmjs.org/cookiejar/-/cookiejar-1.3.0.tgz"
                },
                "debug": {
                  "version": "0.7.4",
                  "from": "debug@~0.7.2",
                  "resolved": "https://registry.npmjs.org/debug/-/debug-0.7.4.tgz"
                }
              }
            },
            "commander": {
              "version": "1.1.1",
              "from": "commander@~1.1.1",
              "dependencies": {
                "keypress": {
                  "version": "0.1.0",
                  "from": "keypress@0.1.x"
                }
              }
            },
            "slick": {
              "version": "1.10.4",
              "from": "slick@~1.10.0"
            }
          }
        },
        "async": {
          "version": "0.1.22",
          "from": "async@0.1.22",
          "resolved": "https://registry.npmjs.org/async/-/async-0.1.22.tgz"
        },
        "underscore": {
          "version": "1.3.3",
          "from": "underscore@1.3.3",
          "resolved": "https://registry.npmjs.org/underscore/-/underscore-1.3.3.tgz"
        },
        "combined-stream": {
          "version": "0.0.4",
          "from": "combined-stream@~0.0.4",
          "dependencies": {
            "delayed-stream": {
              "version": "0.0.5",
              "from": "delayed-stream@0.0.5",
              "resolved": "https://registry.npmjs.org/delayed-stream/-/delayed-stream-0.0.5.tgz"
            }
          }
        }
      }
    },
    "async": {
      "version": "0.2.10",
      "from": "async@latest"
    },
    "newrelic": {
      "version": "1.3.2",
      "from": "newrelic@latest",
      "resolved": "https://registry.npmjs.org/newrelic/-/newrelic-1.3.2.tgz",
      "dependencies": {
        "bunyan": {
          "version": "0.14.6",
          "from": "bunyan@0.14.6"
        },
        "continuation-local-storage": {
          "version": "2.6.2",
          "from": "continuation-local-storage@2.6.2",
          "dependencies": {
            "emitter-listener": {
              "version": "1.0.1",
              "from": "emitter-listener@1.0.1",
              "dependencies": {
                "shimmer": {
                  "version": "1.0.0",
                  "from": "shimmer@1.0.0"
                }
              }
            },
            "async-listener": {
              "version": "0.4.5",
              "from": "async-listener@0.4.5",
              "dependencies": {
                "shimmer": {
                  "version": "1.0.0",
                  "from": "shimmer@1.0.0"
                }
              }
            }
          }
        }
      }
    },
    "simple-secrets": {
      "version": "1.0.0",
      "from": "simple-secrets@latest",
      "dependencies": {
        "base64url": {
          "version": "0.0.4",
          "from": "base64url@0.0.4",
          "resolved": "https://registry.npmjs.org/base64url/-/base64url-0.0.4.tgz",
          "dependencies": {
            "tap": {
              "version": "0.3.3",
              "from": "tap@~0.3.3",
              "dependencies": {
                "inherits": {
                  "version": "1.0.0"
                },
                "yamlish": {
                  "version": "0.0.5"
                },
                "slide": {
                  "version": "1.1.5",
                  "from": "slide@*"
                },
                "runforcover": {
                  "version": "0.0.2",
                  "from": "runforcover@~0.0.2",
                  "dependencies": {
                    "bunker": {
                      "version": "0.1.2",
                      "from": "bunker@0.1.X",
                      "dependencies": {
                        "burrito": {
                          "version": "0.2.12",
                          "from": "burrito@>=0.2.5 <0.3",
                          "dependencies": {
                            "traverse": {
                              "version": "0.5.2",
                              "from": "traverse@~0.5.1"
                            },
                            "uglify-js": {
                              "version": "1.1.1",
                              "from": "uglify-js@~1.1.1"
                            }
                          }
                        }
                      }
                    }
                  }
                },
                "nopt": {
                  "version": "2.2.0",
                  "from": "nopt@~2",
                  "resolved": "https://registry.npmjs.org/nopt/-/nopt-2.2.0.tgz",
                  "dependencies": {
                    "abbrev": {
                      "version": "1.0.4",
                      "from": "abbrev@1"
                    }
                  }
                },
                "mkdirp": {
                  "version": "0.3.5",
                  "from": "mkdirp@~0.3",
                  "resolved": "https://registry.npmjs.org/mkdirp/-/mkdirp-0.3.5.tgz"
                },
                "difflet": {
                  "version": "0.2.6",
                  "from": "difflet@~0.2.0",
                  "dependencies": {
                    "traverse": {
                      "version": "0.6.6",
                      "from": "traverse@0.6.x"
                    },
                    "charm": {
                      "version": "0.1.2",
                      "from": "charm@0.1.x"
                    },
                    "deep-is": {
                      "version": "0.1.2",
                      "from": "deep-is@0.1.x"
                    }
                  }
                },
                "deep-equal": {
                  "version": "0.0.0",
                  "from": "deep-equal@~0.0.0"
                },
                "buffer-equal": {
                  "version": "0.0.0",
                  "from": "buffer-equal@~0.0.0"
                }
              }
            }
          }
        },
        "msgpack": {
          "version": "0.1.11",
          "from": "msgpack@~0.1.8",
          "dependencies": {
            "nodeunit": {
              "version": "0.7.4",
              "from": "https://github.com/godsflaw/nodeunit/tarball/master",
              "resolved": "https://github.com/godsflaw/nodeunit/tarball/master",
              "dependencies": {
                "tap": {
                  "version": "0.4.8",
                  "from": "tap@>=0.2.3",
                  "dependencies": {
                    "inherits": {
                      "version": "2.0.1",
                      "from": "inherits@*"
                    },
                    "yamlish": {
                      "version": "0.0.5",
                      "from": "yamlish@*"
                    },
                    "slide": {
                      "version": "1.1.5",
                      "from": "slide@*"
                    },
                    "runforcover": {
                      "version": "0.0.2",
                      "from": "runforcover@~0.0.2",
                      "dependencies": {
                        "bunker": {
                          "version": "0.1.2",
                          "from": "bunker@0.1.X",
                          "dependencies": {
                            "burrito": {
                              "version": "0.2.12",
                              "from": "burrito@>=0.2.5 <0.3",
                              "dependencies": {
                                "traverse": {
                                  "version": "0.5.2",
                                  "from": "traverse@~0.5.1"
                                },
                                "uglify-js": {
                                  "version": "1.1.1",
                                  "from": "uglify-js@~1.1.1"
                                }
                              }
                            }
                          }
                        }
                      }
                    },
                    "nopt": {
                      "version": "2.2.0",
                      "from": "nopt@~2",
                      "resolved": "https://registry.npmjs.org/nopt/-/nopt-2.2.0.tgz",
                      "dependencies": {
                        "abbrev": {
                          "version": "1.0.4",
                          "from": "abbrev@1"
                        }
                      }
                    },
                    "mkdirp": {
                      "version": "0.3.5",
                      "from": "mkdirp@~0.3",
                      "resolved": "https://registry.npmjs.org/mkdirp/-/mkdirp-0.3.5.tgz"
                    },
                    "difflet": {
                      "version": "0.2.6",
                      "from": "difflet@~0.2.0",
                      "dependencies": {
                        "traverse": {
                          "version": "0.6.6",
                          "from": "traverse@0.6.x"
                        },
                        "charm": {
                          "version": "0.1.2",
                          "from": "charm@0.1.x"
                        },
                        "deep-is": {
                          "version": "0.1.2",
                          "from": "deep-is@0.1.x"
                        }
                      }
                    },
                    "deep-equal": {
                      "version": "0.0.0",
                      "from": "deep-equal@~0.0.0"
                    },
                    "buffer-equal": {
                      "version": "0.0.0",
                      "from": "buffer-equal@~0.0.0"
                    },
                    "glob": {
                      "version": "3.2.8",
                      "from": "glob@~3.2.1",
                      "dependencies": {
                        "minimatch": {
                          "version": "0.2.14",
                          "from": "minimatch@~0.2.11",
                          "dependencies": {
                            "lru-cache": {
                              "version": "2.5.0",
                              "from": "lru-cache@2"
                            },
                            "sigmund": {
                              "version": "1.0.0",
                              "from": "sigmund@~1.0.0"
                            }
                          }
                        },
                        "inherits": {
                          "version": "2.0.1",
                          "from": "inherits@2",
                          "resolved": "https://registry.npmjs.org/inherits/-/inherits-2.0.1.tgz"
                        }
                      }
                    }
                  }
                }
              }
            }
          }
        }
      }
    },
    "cron": {
      "version": "1.0.3",
      "from": "cron@latest"
    },
    "moment": {
      "version": "2.5.1",
      "from": "moment@latest"
    },
    "connect-flash": {
      "version": "0.1.1",
      "from": "connect-flash@latest"
    },
    "csv": {
      "version": "0.3.7",
      "from": "csv@latest"
    },
    "mail-listener2": {
      "version": "0.1.0",
      "from": "mail-listener2@latest",
      "dependencies": {
        "imap": {
          "version": "0.8.9",
          "from": "imap@*",
          "resolved": "https://registry.npmjs.org/imap/-/imap-0.8.9.tgz",
          "dependencies": {
            "utf7": {
              "version": "1.0.0",
              "from": "utf7@1.0.0",
              "resolved": "https://registry.npmjs.org/utf7/-/utf7-1.0.0.tgz"
            },
            "readable-stream": {
              "version": "1.1.10",
              "from": "readable-stream@1.1.x",
              "dependencies": {
                "core-util-is": {
                  "version": "1.0.1",
                  "from": "core-util-is@~1.0.0"
                },
                "debuglog": {
                  "version": "0.0.2",
                  "from": "debuglog@0.0.2",
                  "resolved": "https://registry.npmjs.org/debuglog/-/debuglog-0.0.2.tgz"
                }
              }
            }
          }
        },
        "mailparser": {
          "version": "0.4.1",
          "from": "mailparser@*",
          "dependencies": {
            "mimelib": {
              "version": "0.2.14",
              "from": "mimelib@>=0.2.6",
              "dependencies": {
                "addressparser": {
                  "version": "0.2.1",
                  "from": "addressparser@~0.2.0"
                }
              }
            },
            "encoding": {
              "version": "0.1.7",
              "from": "encoding@>=0.1.4",
              "dependencies": {
                "iconv-lite": {
                  "version": "0.2.11",
                  "from": "iconv-lite@~0.2.11"
                }
              }
            },
            "mime": {
              "version": "1.2.11",
              "from": "mime@*"
            }
          }
        }
      }
    },
    "log4js": {
      "version": "0.6.10",
      "from": "log4js@",
      "dependencies": {
        "async": {
          "version": "0.1.15",
          "from": "async@0.1.15"
        },
        "semver": {
          "version": "1.1.4",
          "from": "semver@~1.1.4"
        },
        "readable-stream": {
          "version": "1.0.25",
          "from": "readable-stream@~1.0.2",
          "dependencies": {
            "string_decoder": {
              "version": "0.10.25-1",
              "from": "string_decoder@~0.10.x"
            }
          }
        }
      }
    }
  }
}
